
Microsoft Visual Studio Solution File, Format Version 12.00
# Visual Studio Version 17
VisualStudioVersion = 17.13.35825.156 d17.13
MinimumVisualStudioVersion = 10.0.40219.1
Project("{FAE04EC0-301F-11D3-BF4B-00C04F79EFBC}") = "InventoryManager", "InventoryManager.csproj", "{0AF5B805-C7D4-4F5B-AD0C-325EF08BE4CB}"
EndProject
Global
	GlobalSection(SolutionConfigurationPlatforms) = preSolution
		Debug|Any CPU = Debug|Any CPU
		Release|Any CPU = Release|Any CPU
	EndGlobalSection
	GlobalSection(ProjectConfigurationPlatforms) = postSolution
		{0AF5B805-C7D4-4F5B-AD0C-325EF08BE4CB}.Debug|Any CPU.ActiveCfg = Debug|Any CPU
		{0AF5B805-C7D4-4F5B-AD0C-325EF08BE4CB}.Debug|Any CPU.Build.0 = Debug|Any CPU
		{0AF5B805-C7D4-4F5B-AD0C-325EF08BE4CB}.Release|Any CPU.ActiveCfg = Release|Any CPU
		{0AF5B805-C7D4-4F5B-AD0C-325EF08BE4CB}.Release|Any CPU.Build.0 = Release|Any CPU
	EndGlobalSection
	GlobalSection(SolutionProperties) = preSolution
		HideSolutionNode = FALSE
	EndGlobalSection
	GlobalSection(ExtensibilityGlobals) = postSolution
		SolutionGuid = {C2B7CDE0-9C25-4358-B1F9-82E704E315E5}
	EndGlobalSection
EndGlobal
